
Microsoft Visual Studio Solution File, Format Version 12.00
# Visual Studio Version 16
VisualStudioVersion = 16.0.30907.101
MinimumVisualStudioVersion = 10.0.40219.1
Project("{9A19103F-16F7-4668-BE54-9A1E7A4F7556}") = "WebAPI", "WebAPI\WebAPI.csproj", "{87324770-8EC5-4A2A-9330-94E6DAE3222F}"
EndProject
Project("{9A19103F-16F7-4668-BE54-9A1E7A4F7556}") = "BL", "BL\BL.csproj", "{480F451C-357A-4A67-8677-9979B3E09EB7}"
EndProject
Project("{9A19103F-16F7-4668-BE54-9A1E7A4F7556}") = "DataAccess", "DataAccess\DataAccess.csproj", "{64B8E5A7-D292-46D7-BB63-3F0AFD1E535F}"
EndProject
Project("{9A19103F-16F7-4668-BE54-9A1E7A4F7556}") = "WebAPI.Test", "WebAPI.Test\WebAPI.Test.csproj", "{03A18C17-00EE-4D82-8867-248856264E1B}"
EndProject
Project("{9A19103F-16F7-4668-BE54-9A1E7A4F7556}") = "DataAccess.Test", "DataAccess.Test\DataAccess.Test.csproj", "{79B2C220-80EF-41E3-85BE-A0B3701D022C}"
EndProject
Project("{9A19103F-16F7-4668-BE54-9A1E7A4F7556}") = "DataAccessInterfaces", "DataAccessInterfaces\DataAccessInterfaces.csproj", "{E156BE77-1934-44F8-9F56-9F469AE48FAE}"
EndProject
Project("{9A19103F-16F7-4668-BE54-9A1E7A4F7556}") = "BL.Test", "BL.Test\BL.Test.csproj", "{A34E5647-4F46-4D39-B7CB-FD8BFD57A7DA}"
EndProject
Project("{9A19103F-16F7-4668-BE54-9A1E7A4F7556}") = "BLInterfaces", "BLInterfaces\BLInterfaces.csproj", "{0FB8051A-8550-49D4-850D-9F0E287FE0F9}"
EndProject
Project("{9A19103F-16F7-4668-BE54-9A1E7A4F7556}") = "Domain", "Domain\Domain.csproj", "{68368D90-4F1E-429D-8BAA-4310BC159E6F}"
EndProject
Project("{9A19103F-16F7-4668-BE54-9A1E7A4F7556}") = "Model", "Model\Model.csproj", "{E9B94C18-ED83-49E7-B846-7C01249E51EC}"
EndProject
Project("{9A19103F-16F7-4668-BE54-9A1E7A4F7556}") = "Injector", "Injector\Injector.csproj", "{DFDDA912-8370-43D7-999D-2A6E198B8154}"
EndProject
Project("{9A19103F-16F7-4668-BE54-9A1E7A4F7556}") = "Domain.Test", "Domain.Test\Domain.Test.csproj", "{C38165E0-CFCD-4D67-8A60-8D6D900898AF}"
EndProject
Project("{2150E333-8FDC-42A3-9474-1A3956D46DE8}") = "Solution Items", "Solution Items", "{87018036-827E-45E1-A7F7-B1059F38B1B2}"
	ProjectSection(SolutionItems) = preProject
		CodeCoverage.runsettings = CodeCoverage.runsettings
	EndProjectSection
EndProject
Project("{FAE04EC0-301F-11D3-BF4B-00C04F79EFBC}") = "ImporterInterfaces", "ImporterInterfaces\ImporterInterfaces.csproj", "{26C8D840-4106-41CD-B2EC-2BD01D098A9A}"
EndProject
Project("{FAE04EC0-301F-11D3-BF4B-00C04F79EFBC}") = "ImporterModel", "ImporterModel\ImporterModel.csproj", "{0DC0671D-7C29-4B7A-A63A-0856CEFEF0E1}"
EndProject
Project("{FAE04EC0-301F-11D3-BF4B-00C04F79EFBC}") = "ImporterJSON", "ImporterJSON\ImporterJSON.csproj", "{F6E1836E-3AAE-4319-B822-043C93DF08A1}"
EndProject
Project("{FAE04EC0-301F-11D3-BF4B-00C04F79EFBC}") = "ImporterJSON.Test", "ImporterJSON.Test\ImporterJSON.Test.csproj", "{FA7F7D15-1E13-4338-A4C1-378AF567866B}"
EndProject
Project("{FAE04EC0-301F-11D3-BF4B-00C04F79EFBC}") = "ImporterXML.Test", "ImporterXML.Test\ImporterXML.Test.csproj", "{E9E132DF-051B-4F06-BCAD-2C26ABD30D66}"
EndProject
Project("{FAE04EC0-301F-11D3-BF4B-00C04F79EFBC}") = "ImporterXML", "ImporterXML\ImporterXML.csproj", "{AEFE2EA8-5CD9-49C8-9EFD-04E3CB7EE310}"
EndProject
Global
	GlobalSection(SolutionConfigurationPlatforms) = preSolution
		Debug|Any CPU = Debug|Any CPU
		Release|Any CPU = Release|Any CPU
	EndGlobalSection
	GlobalSection(ProjectConfigurationPlatforms) = postSolution
		{87324770-8EC5-4A2A-9330-94E6DAE3222F}.Debug|Any CPU.ActiveCfg = Debug|Any CPU
		{87324770-8EC5-4A2A-9330-94E6DAE3222F}.Debug|Any CPU.Build.0 = Debug|Any CPU
		{87324770-8EC5-4A2A-9330-94E6DAE3222F}.Release|Any CPU.ActiveCfg = Release|Any CPU
		{87324770-8EC5-4A2A-9330-94E6DAE3222F}.Release|Any CPU.Build.0 = Release|Any CPU
		{480F451C-357A-4A67-8677-9979B3E09EB7}.Debug|Any CPU.ActiveCfg = Debug|Any CPU
		{480F451C-357A-4A67-8677-9979B3E09EB7}.Debug|Any CPU.Build.0 = Debug|Any CPU
		{480F451C-357A-4A67-8677-9979B3E09EB7}.Release|Any CPU.ActiveCfg = Release|Any CPU
		{480F451C-357A-4A67-8677-9979B3E09EB7}.Release|Any CPU.Build.0 = Release|Any CPU
		{64B8E5A7-D292-46D7-BB63-3F0AFD1E535F}.Debug|Any CPU.ActiveCfg = Debug|Any CPU
		{64B8E5A7-D292-46D7-BB63-3F0AFD1E535F}.Debug|Any CPU.Build.0 = Debug|Any CPU
		{64B8E5A7-D292-46D7-BB63-3F0AFD1E535F}.Release|Any CPU.ActiveCfg = Release|Any CPU
		{64B8E5A7-D292-46D7-BB63-3F0AFD1E535F}.Release|Any CPU.Build.0 = Release|Any CPU
		{03A18C17-00EE-4D82-8867-248856264E1B}.Debug|Any CPU.ActiveCfg = Debug|Any CPU
		{03A18C17-00EE-4D82-8867-248856264E1B}.Debug|Any CPU.Build.0 = Debug|Any CPU
		{03A18C17-00EE-4D82-8867-248856264E1B}.Release|Any CPU.ActiveCfg = Release|Any CPU
		{03A18C17-00EE-4D82-8867-248856264E1B}.Release|Any CPU.Build.0 = Release|Any CPU
		{79B2C220-80EF-41E3-85BE-A0B3701D022C}.Debug|Any CPU.ActiveCfg = Debug|Any CPU
		{79B2C220-80EF-41E3-85BE-A0B3701D022C}.Debug|Any CPU.Build.0 = Debug|Any CPU
		{79B2C220-80EF-41E3-85BE-A0B3701D022C}.Release|Any CPU.ActiveCfg = Release|Any CPU
		{79B2C220-80EF-41E3-85BE-A0B3701D022C}.Release|Any CPU.Build.0 = Release|Any CPU
		{E156BE77-1934-44F8-9F56-9F469AE48FAE}.Debug|Any CPU.ActiveCfg = Debug|Any CPU
		{E156BE77-1934-44F8-9F56-9F469AE48FAE}.Debug|Any CPU.Build.0 = Debug|Any CPU
		{E156BE77-1934-44F8-9F56-9F469AE48FAE}.Release|Any CPU.ActiveCfg = Release|Any CPU
		{E156BE77-1934-44F8-9F56-9F469AE48FAE}.Release|Any CPU.Build.0 = Release|Any CPU
		{A34E5647-4F46-4D39-B7CB-FD8BFD57A7DA}.Debug|Any CPU.ActiveCfg = Debug|Any CPU
		{A34E5647-4F46-4D39-B7CB-FD8BFD57A7DA}.Debug|Any CPU.Build.0 = Debug|Any CPU
		{A34E5647-4F46-4D39-B7CB-FD8BFD57A7DA}.Release|Any CPU.ActiveCfg = Release|Any CPU
		{A34E5647-4F46-4D39-B7CB-FD8BFD57A7DA}.Release|Any CPU.Build.0 = Release|Any CPU
		{0FB8051A-8550-49D4-850D-9F0E287FE0F9}.Debug|Any CPU.ActiveCfg = Debug|Any CPU
		{0FB8051A-8550-49D4-850D-9F0E287FE0F9}.Debug|Any CPU.Build.0 = Debug|Any CPU
		{0FB8051A-8550-49D4-850D-9F0E287FE0F9}.Release|Any CPU.ActiveCfg = Release|Any CPU
		{0FB8051A-8550-49D4-850D-9F0E287FE0F9}.Release|Any CPU.Build.0 = Release|Any CPU
		{68368D90-4F1E-429D-8BAA-4310BC159E6F}.Debug|Any CPU.ActiveCfg = Debug|Any CPU
		{68368D90-4F1E-429D-8BAA-4310BC159E6F}.Debug|Any CPU.Build.0 = Debug|Any CPU
		{68368D90-4F1E-429D-8BAA-4310BC159E6F}.Release|Any CPU.ActiveCfg = Release|Any CPU
		{68368D90-4F1E-429D-8BAA-4310BC159E6F}.Release|Any CPU.Build.0 = Release|Any CPU
		{E9B94C18-ED83-49E7-B846-7C01249E51EC}.Debug|Any CPU.ActiveCfg = Debug|Any CPU
		{E9B94C18-ED83-49E7-B846-7C01249E51EC}.Debug|Any CPU.Build.0 = Debug|Any CPU
		{E9B94C18-ED83-49E7-B846-7C01249E51EC}.Release|Any CPU.ActiveCfg = Release|Any CPU
		{E9B94C18-ED83-49E7-B846-7C01249E51EC}.Release|Any CPU.Build.0 = Release|Any CPU
		{DFDDA912-8370-43D7-999D-2A6E198B8154}.Debug|Any CPU.ActiveCfg = Debug|Any CPU
		{DFDDA912-8370-43D7-999D-2A6E198B8154}.Debug|Any CPU.Build.0 = Debug|Any CPU
		{DFDDA912-8370-43D7-999D-2A6E198B8154}.Release|Any CPU.ActiveCfg = Release|Any CPU
		{DFDDA912-8370-43D7-999D-2A6E198B8154}.Release|Any CPU.Build.0 = Release|Any CPU
		{C38165E0-CFCD-4D67-8A60-8D6D900898AF}.Debug|Any CPU.ActiveCfg = Debug|Any CPU
		{C38165E0-CFCD-4D67-8A60-8D6D900898AF}.Debug|Any CPU.Build.0 = Debug|Any CPU
		{C38165E0-CFCD-4D67-8A60-8D6D900898AF}.Release|Any CPU.ActiveCfg = Release|Any CPU
		{C38165E0-CFCD-4D67-8A60-8D6D900898AF}.Release|Any CPU.Build.0 = Release|Any CPU
		{26C8D840-4106-41CD-B2EC-2BD01D098A9A}.Debug|Any CPU.ActiveCfg = Debug|Any CPU
		{26C8D840-4106-41CD-B2EC-2BD01D098A9A}.Debug|Any CPU.Build.0 = Debug|Any CPU
		{26C8D840-4106-41CD-B2EC-2BD01D098A9A}.Release|Any CPU.ActiveCfg = Release|Any CPU
		{26C8D840-4106-41CD-B2EC-2BD01D098A9A}.Release|Any CPU.Build.0 = Release|Any CPU
		{0DC0671D-7C29-4B7A-A63A-0856CEFEF0E1}.Debug|Any CPU.ActiveCfg = Debug|Any CPU
		{0DC0671D-7C29-4B7A-A63A-0856CEFEF0E1}.Debug|Any CPU.Build.0 = Debug|Any CPU
		{0DC0671D-7C29-4B7A-A63A-0856CEFEF0E1}.Release|Any CPU.ActiveCfg = Release|Any CPU
		{0DC0671D-7C29-4B7A-A63A-0856CEFEF0E1}.Release|Any CPU.Build.0 = Release|Any CPU
		{F6E1836E-3AAE-4319-B822-043C93DF08A1}.Debug|Any CPU.ActiveCfg = Debug|Any CPU
		{F6E1836E-3AAE-4319-B822-043C93DF08A1}.Debug|Any CPU.Build.0 = Debug|Any CPU
		{F6E1836E-3AAE-4319-B822-043C93DF08A1}.Release|Any CPU.ActiveCfg = Release|Any CPU
		{F6E1836E-3AAE-4319-B822-043C93DF08A1}.Release|Any CPU.Build.0 = Release|Any CPU
		{FA7F7D15-1E13-4338-A4C1-378AF567866B}.Debug|Any CPU.ActiveCfg = Debug|Any CPU
		{FA7F7D15-1E13-4338-A4C1-378AF567866B}.Debug|Any CPU.Build.0 = Debug|Any CPU
		{FA7F7D15-1E13-4338-A4C1-378AF567866B}.Release|Any CPU.ActiveCfg = Release|Any CPU
		{FA7F7D15-1E13-4338-A4C1-378AF567866B}.Release|Any CPU.Build.0 = Release|Any CPU
		{E9E132DF-051B-4F06-BCAD-2C26ABD30D66}.Debug|Any CPU.ActiveCfg = Debug|Any CPU
		{E9E132DF-051B-4F06-BCAD-2C26ABD30D66}.Debug|Any CPU.Build.0 = Debug|Any CPU
		{E9E132DF-051B-4F06-BCAD-2C26ABD30D66}.Release|Any CPU.ActiveCfg = Release|Any CPU
		{E9E132DF-051B-4F06-BCAD-2C26ABD30D66}.Release|Any CPU.Build.0 = Release|Any CPU
		{AEFE2EA8-5CD9-49C8-9EFD-04E3CB7EE310}.Debug|Any CPU.ActiveCfg = Debug|Any CPU
		{AEFE2EA8-5CD9-49C8-9EFD-04E3CB7EE310}.Debug|Any CPU.Build.0 = Debug|Any CPU
		{AEFE2EA8-5CD9-49C8-9EFD-04E3CB7EE310}.Release|Any CPU.ActiveCfg = Release|Any CPU
		{AEFE2EA8-5CD9-49C8-9EFD-04E3CB7EE310}.Release|Any CPU.Build.0 = Release|Any CPU
	EndGlobalSection
	GlobalSection(SolutionProperties) = preSolution
		HideSolutionNode = FALSE
	EndGlobalSection
	GlobalSection(ExtensibilityGlobals) = postSolution
		SolutionGuid = {DFBAAA56-0F00-4B95-B5D7-32CF9E02C574}
	EndGlobalSection
EndGlobal
