
Microsoft Visual Studio Solution File, Format Version 12.00
# Visual Studio Version 16
VisualStudioVersion = 16.0.30907.101
MinimumVisualStudioVersion = 10.0.40219.1
Project("{9A19103F-16F7-4668-BE54-9A1E7A4F7556}") = "WebAPI", "WebAPI\WebAPI.csproj", "{87324770-8EC5-4A2A-9330-94E6DAE3222F}"
EndProject
Project("{9A19103F-16F7-4668-BE54-9A1E7A4F7556}") = "BL", "BL\BL.csproj", "{480F451C-357A-4A67-8677-9979B3E09EB7}"
EndProject
Project("{9A19103F-16F7-4668-BE54-9A1E7A4F7556}") = "DataAccess", "DataAccess\DataAccess.csproj", "{64B8E5A7-D292-46D7-BB63-3F0AFD1E535F}"
EndProject
Project("{FAE04EC0-301F-11D3-BF4B-00C04F79EFBC}") = "WebAPI.Test", "WebAPI.Test\WebAPI.Test.csproj", "{03A18C17-00EE-4D82-8867-248856264E1B}"
EndProject
Project("{FAE04EC0-301F-11D3-BF4B-00C04F79EFBC}") = "DataAccess.Test", "DataAccess.Test\DataAccess.Test.csproj", "{79B2C220-80EF-41E3-85BE-A0B3701D022C}"
EndProject
Project("{FAE04EC0-301F-11D3-BF4B-00C04F79EFBC}") = "DataAccessInterfaces", "DataAccessInterfaces\DataAccessInterfaces.csproj", "{E156BE77-1934-44F8-9F56-9F469AE48FAE}"
EndProject
Project("{FAE04EC0-301F-11D3-BF4B-00C04F79EFBC}") = "BL.Test", "BL.Test\BL.Test.csproj", "{A34E5647-4F46-4D39-B7CB-FD8BFD57A7DA}"
EndProject
Global
	GlobalSection(SolutionConfigurationPlatforms) = preSolution
		Debug|Any CPU = Debug|Any CPU
		Release|Any CPU = Release|Any CPU
	EndGlobalSection
	GlobalSection(ProjectConfigurationPlatforms) = postSolution
		{87324770-8EC5-4A2A-9330-94E6DAE3222F}.Debug|Any CPU.ActiveCfg = Debug|Any CPU
		{87324770-8EC5-4A2A-9330-94E6DAE3222F}.Debug|Any CPU.Build.0 = Debug|Any CPU
		{87324770-8EC5-4A2A-9330-94E6DAE3222F}.Release|Any CPU.ActiveCfg = Release|Any CPU
		{87324770-8EC5-4A2A-9330-94E6DAE3222F}.Release|Any CPU.Build.0 = Release|Any CPU
		{480F451C-357A-4A67-8677-9979B3E09EB7}.Debug|Any CPU.ActiveCfg = Debug|Any CPU
		{480F451C-357A-4A67-8677-9979B3E09EB7}.Debug|Any CPU.Build.0 = Debug|Any CPU
		{480F451C-357A-4A67-8677-9979B3E09EB7}.Release|Any CPU.ActiveCfg = Release|Any CPU
		{480F451C-357A-4A67-8677-9979B3E09EB7}.Release|Any CPU.Build.0 = Release|Any CPU
		{64B8E5A7-D292-46D7-BB63-3F0AFD1E535F}.Debug|Any CPU.ActiveCfg = Debug|Any CPU
		{64B8E5A7-D292-46D7-BB63-3F0AFD1E535F}.Debug|Any CPU.Build.0 = Debug|Any CPU
		{64B8E5A7-D292-46D7-BB63-3F0AFD1E535F}.Release|Any CPU.ActiveCfg = Release|Any CPU
		{64B8E5A7-D292-46D7-BB63-3F0AFD1E535F}.Release|Any CPU.Build.0 = Release|Any CPU
		{03A18C17-00EE-4D82-8867-248856264E1B}.Debug|Any CPU.ActiveCfg = Debug|Any CPU
		{03A18C17-00EE-4D82-8867-248856264E1B}.Debug|Any CPU.Build.0 = Debug|Any CPU
		{03A18C17-00EE-4D82-8867-248856264E1B}.Release|Any CPU.ActiveCfg = Release|Any CPU
		{03A18C17-00EE-4D82-8867-248856264E1B}.Release|Any CPU.Build.0 = Release|Any CPU
		{79B2C220-80EF-41E3-85BE-A0B3701D022C}.Debug|Any CPU.ActiveCfg = Debug|Any CPU
		{79B2C220-80EF-41E3-85BE-A0B3701D022C}.Debug|Any CPU.Build.0 = Debug|Any CPU
		{79B2C220-80EF-41E3-85BE-A0B3701D022C}.Release|Any CPU.ActiveCfg = Release|Any CPU
		{79B2C220-80EF-41E3-85BE-A0B3701D022C}.Release|Any CPU.Build.0 = Release|Any CPU
		{E156BE77-1934-44F8-9F56-9F469AE48FAE}.Debug|Any CPU.ActiveCfg = Debug|Any CPU
		{E156BE77-1934-44F8-9F56-9F469AE48FAE}.Debug|Any CPU.Build.0 = Debug|Any CPU
		{E156BE77-1934-44F8-9F56-9F469AE48FAE}.Release|Any CPU.ActiveCfg = Release|Any CPU
		{E156BE77-1934-44F8-9F56-9F469AE48FAE}.Release|Any CPU.Build.0 = Release|Any CPU
		{A34E5647-4F46-4D39-B7CB-FD8BFD57A7DA}.Debug|Any CPU.ActiveCfg = Debug|Any CPU
		{A34E5647-4F46-4D39-B7CB-FD8BFD57A7DA}.Debug|Any CPU.Build.0 = Debug|Any CPU
		{A34E5647-4F46-4D39-B7CB-FD8BFD57A7DA}.Release|Any CPU.ActiveCfg = Release|Any CPU
		{A34E5647-4F46-4D39-B7CB-FD8BFD57A7DA}.Release|Any CPU.Build.0 = Release|Any CPU
	EndGlobalSection
	GlobalSection(SolutionProperties) = preSolution
		HideSolutionNode = FALSE
	EndGlobalSection
	GlobalSection(ExtensibilityGlobals) = postSolution
		SolutionGuid = {DFBAAA56-0F00-4B95-B5D7-32CF9E02C574}
	EndGlobalSection
EndGlobal
